
Microsoft Visual Studio Solution File, Format Version 12.00
# Visual Studio Version 17
VisualStudioVersion = 17.8.34330.188
MinimumVisualStudioVersion = 10.0.40219.1
Project("{8BC9CEB8-8B4A-11D0-8D11-00A0C91BC942}") = "Shos.LifeGame", "Shos.LifeGame\Shos.LifeGame.vcxproj", "{F82907D7-AC68-4CE1-87B1-76333B4C11DB}"
EndProject
Project("{2150E333-8FDC-42A3-9474-1A3956D46DE8}") = "Documents", "Documents", "{BB382EC3-003C-49B7-B050-5155E5725187}"
	ProjectSection(SolutionItems) = preProject
		LICENSE.txt = LICENSE.txt
		README.md = README.md
	EndProjectSection
EndProject
Project("{8BC9CEB8-8B4A-11D0-8D11-00A0C91BC942}") = "Shos.LifeGame.Test", "Shos.LifeGame.Test\Shos.LifeGame.Test.vcxproj", "{1C3B9B31-55FF-4ECA-8955-900C93E8E898}"
EndProject
Global
	GlobalSection(SolutionConfigurationPlatforms) = preSolution
		Debug|Any CPU = Debug|Any CPU
		Debug|x64 = Debug|x64
		Debug|x86 = Debug|x86
		Release|Any CPU = Release|Any CPU
		Release|x64 = Release|x64
		Release|x86 = Release|x86
	EndGlobalSection
	GlobalSection(ProjectConfigurationPlatforms) = postSolution
		{F82907D7-AC68-4CE1-87B1-76333B4C11DB}.Debug|Any CPU.ActiveCfg = Debug|x64
		{F82907D7-AC68-4CE1-87B1-76333B4C11DB}.Debug|Any CPU.Build.0 = Debug|x64
		{F82907D7-AC68-4CE1-87B1-76333B4C11DB}.Debug|x64.ActiveCfg = Debug|x64
		{F82907D7-AC68-4CE1-87B1-76333B4C11DB}.Debug|x64.Build.0 = Debug|x64
		{F82907D7-AC68-4CE1-87B1-76333B4C11DB}.Debug|x86.ActiveCfg = Debug|Win32
		{F82907D7-AC68-4CE1-87B1-76333B4C11DB}.Debug|x86.Build.0 = Debug|Win32
		{F82907D7-AC68-4CE1-87B1-76333B4C11DB}.Release|Any CPU.ActiveCfg = Release|x64
		{F82907D7-AC68-4CE1-87B1-76333B4C11DB}.Release|Any CPU.Build.0 = Release|x64
		{F82907D7-AC68-4CE1-87B1-76333B4C11DB}.Release|x64.ActiveCfg = Release|x64
		{F82907D7-AC68-4CE1-87B1-76333B4C11DB}.Release|x64.Build.0 = Release|x64
		{F82907D7-AC68-4CE1-87B1-76333B4C11DB}.Release|x86.ActiveCfg = Release|Win32
		{F82907D7-AC68-4CE1-87B1-76333B4C11DB}.Release|x86.Build.0 = Release|Win32
		{1C3B9B31-55FF-4ECA-8955-900C93E8E898}.Debug|Any CPU.ActiveCfg = Debug|x64
		{1C3B9B31-55FF-4ECA-8955-900C93E8E898}.Debug|Any CPU.Build.0 = Debug|x64
		{1C3B9B31-55FF-4ECA-8955-900C93E8E898}.Debug|x64.ActiveCfg = Debug|x64
		{1C3B9B31-55FF-4ECA-8955-900C93E8E898}.Debug|x64.Build.0 = Debug|x64
		{1C3B9B31-55FF-4ECA-8955-900C93E8E898}.Debug|x86.ActiveCfg = Debug|Win32
		{1C3B9B31-55FF-4ECA-8955-900C93E8E898}.Debug|x86.Build.0 = Debug|Win32
		{1C3B9B31-55FF-4ECA-8955-900C93E8E898}.Release|Any CPU.ActiveCfg = Release|x64
		{1C3B9B31-55FF-4ECA-8955-900C93E8E898}.Release|Any CPU.Build.0 = Release|x64
		{1C3B9B31-55FF-4ECA-8955-900C93E8E898}.Release|x64.ActiveCfg = Release|x64
		{1C3B9B31-55FF-4ECA-8955-900C93E8E898}.Release|x64.Build.0 = Release|x64
		{1C3B9B31-55FF-4ECA-8955-900C93E8E898}.Release|x86.ActiveCfg = Release|Win32
		{1C3B9B31-55FF-4ECA-8955-900C93E8E898}.Release|x86.Build.0 = Release|Win32
	EndGlobalSection
	GlobalSection(SolutionProperties) = preSolution
		HideSolutionNode = FALSE
	EndGlobalSection
	GlobalSection(ExtensibilityGlobals) = postSolution
		SolutionGuid = {5C25E41F-5B4D-45BE-9A1D-8631BB4356B6}
	EndGlobalSection
EndGlobal
